PODS:
  - Alamofire (5.7.1)
  - SideMenu (6.5.0)
  - SwiftyJSON (5.0.1)

DEPENDENCIES:
  - Alamofire
  - SideMenu
  - SwiftyJSON

SPEC REPOS:
  trunk:
    - Alamofire
    - SideMenu
    - SwiftyJSON

SPEC CHECKSUMS:
  Alamofire: 0123a34370cb170936ae79a8df46cc62b2edeb88
  SideMenu: f583187d21c5b1dd04c72002be544b555a2627a2
  SwiftyJSON: 2f33a42c6fbc52764d96f13368585094bfd8aa5e

PODFILE CHECKSUM: 64a4780a2124fda05a5e8cb7ac4c57236ef30f94

COCOAPODS: 1.12.1
